
Microsoft Visual Studio Solution File, Format Version 12.00
# Visual Studio Version 17
VisualStudioVersion = 17.5.33627.172
MinimumVisualStudioVersion = 10.0.40219.1
Project("{2150E333-8FDC-42A3-9474-1A3956D46DE8}") = "Services", "Services", "{0BD6C60F-B2E1-42E4-AD45-A2ECABD8EB5E}"
EndProject
Project("{2150E333-8FDC-42A3-9474-1A3956D46DE8}") = "Catalog", "Catalog", "{D30C7A83-D97C-4805-A592-E0428F14F028}"
EndProject
Project("{9A19103F-16F7-4668-BE54-9A1E7A4F7556}") = "Catalog.API", "Services\Catalog\Catalog.API\Catalog.API.csproj", "{0885751F-4E51-4954-AAA3-FC2BB9FB3E67}"
EndProject
Project("{E53339B2-1760-4266-BCC7-CA923CBCF16C}") = "docker-compose", "docker-compose.dcproj", "{500B27C2-82DE-42FD-8013-2C52356DED83}"
EndProject
Project("{2150E333-8FDC-42A3-9474-1A3956D46DE8}") = "Basket", "Basket", "{591F6AAF-6865-44CB-BE10-6F05143C1694}"
EndProject
Project("{9A19103F-16F7-4668-BE54-9A1E7A4F7556}") = "Basket.API", "Services\Basket\Basket.API\Basket.API.csproj", "{1591F5CE-2D29-4716-8AF8-CE930BC10234}"
EndProject
Project("{2150E333-8FDC-42A3-9474-1A3956D46DE8}") = "Discount", "Discount", "{2A783AF6-AE57-4861-9BEC-4F2DE1B0345C}"
EndProject
Project("{9A19103F-16F7-4668-BE54-9A1E7A4F7556}") = "Discount.API", "Services\Discount\Discount.API\Discount.API.csproj", "{46F58CE0-1459-486D-826B-59A5FAE8B835}"
EndProject
Project("{9A19103F-16F7-4668-BE54-9A1E7A4F7556}") = "Discount.Grpc", "Services\Discount\Discount.Grpc\Discount.Grpc.csproj", "{D35A62A6-DE6E-48C1-8026-DE612CF906FE}"
EndProject
Project("{2150E333-8FDC-42A3-9474-1A3956D46DE8}") = "Ordering", "Ordering", "{1DA8C53D-899A-4714-AD20-A47C746839B6}"
EndProject
Project("{FAE04EC0-301F-11D3-BF4B-00C04F79EFBC}") = "Ordering.API", "Services\Ordering\Ordering.API\Ordering.API.csproj", "{0987FDC1-5650-4432-812C-961F5FC0F21D}"
EndProject
Project("{FAE04EC0-301F-11D3-BF4B-00C04F79EFBC}") = "Ordering.Domain", "Services\Ordering\Ordering.Domain\Ordering.Domain.csproj", "{057A48ED-14D5-4BC1-917D-01057336B8AF}"
EndProject
Project("{FAE04EC0-301F-11D3-BF4B-00C04F79EFBC}") = "Ordering.Application", "Services\Ordering\Ordering.Application\Ordering.Application.csproj", "{75BD2F18-C00F-462F-B1D2-94EC828BFBAD}"
EndProject
Project("{FAE04EC0-301F-11D3-BF4B-00C04F79EFBC}") = "Ordering.Infrastructure", "Services\Ordering\Ordering.Infrastructure\Ordering.Infrastructure.csproj", "{5A41AA5D-30CB-4F01-87F6-CC8499FAC22B}"
EndProject
Global
	GlobalSection(SolutionConfigurationPlatforms) = preSolution
		Debug|Any CPU = Debug|Any CPU
		Release|Any CPU = Release|Any CPU
	EndGlobalSection
	GlobalSection(ProjectConfigurationPlatforms) = postSolution
		{0885751F-4E51-4954-AAA3-FC2BB9FB3E67}.Debug|Any CPU.ActiveCfg = Debug|Any CPU
		{0885751F-4E51-4954-AAA3-FC2BB9FB3E67}.Debug|Any CPU.Build.0 = Debug|Any CPU
		{0885751F-4E51-4954-AAA3-FC2BB9FB3E67}.Release|Any CPU.ActiveCfg = Release|Any CPU
		{0885751F-4E51-4954-AAA3-FC2BB9FB3E67}.Release|Any CPU.Build.0 = Release|Any CPU
		{500B27C2-82DE-42FD-8013-2C52356DED83}.Debug|Any CPU.ActiveCfg = Debug|Any CPU
		{500B27C2-82DE-42FD-8013-2C52356DED83}.Debug|Any CPU.Build.0 = Debug|Any CPU
		{500B27C2-82DE-42FD-8013-2C52356DED83}.Release|Any CPU.ActiveCfg = Release|Any CPU
		{500B27C2-82DE-42FD-8013-2C52356DED83}.Release|Any CPU.Build.0 = Release|Any CPU
		{1591F5CE-2D29-4716-8AF8-CE930BC10234}.Debug|Any CPU.ActiveCfg = Debug|Any CPU
		{1591F5CE-2D29-4716-8AF8-CE930BC10234}.Debug|Any CPU.Build.0 = Debug|Any CPU
		{1591F5CE-2D29-4716-8AF8-CE930BC10234}.Release|Any CPU.ActiveCfg = Release|Any CPU
		{1591F5CE-2D29-4716-8AF8-CE930BC10234}.Release|Any CPU.Build.0 = Release|Any CPU
		{46F58CE0-1459-486D-826B-59A5FAE8B835}.Debug|Any CPU.ActiveCfg = Debug|Any CPU
		{46F58CE0-1459-486D-826B-59A5FAE8B835}.Debug|Any CPU.Build.0 = Debug|Any CPU
		{46F58CE0-1459-486D-826B-59A5FAE8B835}.Release|Any CPU.ActiveCfg = Release|Any CPU
		{46F58CE0-1459-486D-826B-59A5FAE8B835}.Release|Any CPU.Build.0 = Release|Any CPU
		{D35A62A6-DE6E-48C1-8026-DE612CF906FE}.Debug|Any CPU.ActiveCfg = Debug|Any CPU
		{D35A62A6-DE6E-48C1-8026-DE612CF906FE}.Debug|Any CPU.Build.0 = Debug|Any CPU
		{D35A62A6-DE6E-48C1-8026-DE612CF906FE}.Release|Any CPU.ActiveCfg = Release|Any CPU
		{D35A62A6-DE6E-48C1-8026-DE612CF906FE}.Release|Any CPU.Build.0 = Release|Any CPU
		{0987FDC1-5650-4432-812C-961F5FC0F21D}.Debug|Any CPU.ActiveCfg = Debug|Any CPU
		{0987FDC1-5650-4432-812C-961F5FC0F21D}.Debug|Any CPU.Build.0 = Debug|Any CPU
		{0987FDC1-5650-4432-812C-961F5FC0F21D}.Release|Any CPU.ActiveCfg = Release|Any CPU
		{0987FDC1-5650-4432-812C-961F5FC0F21D}.Release|Any CPU.Build.0 = Release|Any CPU
		{057A48ED-14D5-4BC1-917D-01057336B8AF}.Debug|Any CPU.ActiveCfg = Debug|Any CPU
		{057A48ED-14D5-4BC1-917D-01057336B8AF}.Debug|Any CPU.Build.0 = Debug|Any CPU
		{057A48ED-14D5-4BC1-917D-01057336B8AF}.Release|Any CPU.ActiveCfg = Release|Any CPU
		{057A48ED-14D5-4BC1-917D-01057336B8AF}.Release|Any CPU.Build.0 = Release|Any CPU
		{75BD2F18-C00F-462F-B1D2-94EC828BFBAD}.Debug|Any CPU.ActiveCfg = Debug|Any CPU
		{75BD2F18-C00F-462F-B1D2-94EC828BFBAD}.Debug|Any CPU.Build.0 = Debug|Any CPU
		{75BD2F18-C00F-462F-B1D2-94EC828BFBAD}.Release|Any CPU.ActiveCfg = Release|Any CPU
		{75BD2F18-C00F-462F-B1D2-94EC828BFBAD}.Release|Any CPU.Build.0 = Release|Any CPU
		{5A41AA5D-30CB-4F01-87F6-CC8499FAC22B}.Debug|Any CPU.ActiveCfg = Debug|Any CPU
		{5A41AA5D-30CB-4F01-87F6-CC8499FAC22B}.Debug|Any CPU.Build.0 = Debug|Any CPU
		{5A41AA5D-30CB-4F01-87F6-CC8499FAC22B}.Release|Any CPU.ActiveCfg = Release|Any CPU
		{5A41AA5D-30CB-4F01-87F6-CC8499FAC22B}.Release|Any CPU.Build.0 = Release|Any CPU
	EndGlobalSection
	GlobalSection(SolutionProperties) = preSolution
		HideSolutionNode = FALSE
	EndGlobalSection
	GlobalSection(NestedProjects) = preSolution
		{D30C7A83-D97C-4805-A592-E0428F14F028} = {0BD6C60F-B2E1-42E4-AD45-A2ECABD8EB5E}
		{0885751F-4E51-4954-AAA3-FC2BB9FB3E67} = {D30C7A83-D97C-4805-A592-E0428F14F028}
		{591F6AAF-6865-44CB-BE10-6F05143C1694} = {0BD6C60F-B2E1-42E4-AD45-A2ECABD8EB5E}
		{1591F5CE-2D29-4716-8AF8-CE930BC10234} = {591F6AAF-6865-44CB-BE10-6F05143C1694}
		{2A783AF6-AE57-4861-9BEC-4F2DE1B0345C} = {0BD6C60F-B2E1-42E4-AD45-A2ECABD8EB5E}
		{46F58CE0-1459-486D-826B-59A5FAE8B835} = {2A783AF6-AE57-4861-9BEC-4F2DE1B0345C}
		{D35A62A6-DE6E-48C1-8026-DE612CF906FE} = {2A783AF6-AE57-4861-9BEC-4F2DE1B0345C}
		{1DA8C53D-899A-4714-AD20-A47C746839B6} = {0BD6C60F-B2E1-42E4-AD45-A2ECABD8EB5E}
		{0987FDC1-5650-4432-812C-961F5FC0F21D} = {1DA8C53D-899A-4714-AD20-A47C746839B6}
		{057A48ED-14D5-4BC1-917D-01057336B8AF} = {1DA8C53D-899A-4714-AD20-A47C746839B6}
		{75BD2F18-C00F-462F-B1D2-94EC828BFBAD} = {1DA8C53D-899A-4714-AD20-A47C746839B6}
		{5A41AA5D-30CB-4F01-87F6-CC8499FAC22B} = {1DA8C53D-899A-4714-AD20-A47C746839B6}
	EndGlobalSection
	GlobalSection(ExtensibilityGlobals) = postSolution
		SolutionGuid = {46CB5861-EF97-4747-AC01-D73FADC3E3AF}
	EndGlobalSection
EndGlobal
